// !$*UTF8*$!
{
	archiveVersion = 1;
	classes = {
	};
	objectVersion = 50;
	objects = {

/* Begin PBXBuildFile section */
		49EF0D4821CEF6D300E585E5 /* AppDelegate.swift in Sources */ = {isa = PBXBuildFile; fileRef = 49EF0D4721CEF6D300E585E5 /* AppDelegate.swift */; };
		49EF0D4A21CEF6D300E585E5 /* ViewController.swift in Sources */ = {isa = PBXBuildFile; fileRef = 49EF0D4921CEF6D300E585E5 /* ViewController.swift */; };
		49EF0D4D21CEF6D300E585E5 /* Main.storyboard in Resources */ = {isa = PBXBuildFile; fileRef = 49EF0D4B21CEF6D300E585E5 /* Main.storyboard */; };
		49EF0D4F21CEF6D600E585E5 /* Assets.xcassets in Resources */ = {isa = PBXBuildFile; fileRef = 49EF0D4E21CEF6D600E585E5 /* Assets.xcassets */; };
		49EF0D5221CEF6D600E585E5 /* LaunchScreen.storyboard in Resources */ = {isa = PBXBuildFile; fileRef = 49EF0D5021CEF6D600E585E5 /* LaunchScreen.storyboard */; };
		49EF0D5D21CEF6D700E585E5 /* hours_appTests.swift in Sources */ = {isa = PBXBuildFile; fileRef = 49EF0D5C21CEF6D700E585E5 /* hours_appTests.swift */; };
/* End PBXBuildFile section */

/* Begin PBXContainerItemProxy section */
		49EF0D5921CEF6D700E585E5 /* PBXContainerItemProxy */ = {
			isa = PBXContainerItemProxy;
			containerPortal = 49EF0D3C21CEF6D200E585E5 /* Project object */;
			proxyType = 1;
			remoteGlobalIDString = 49EF0D4321CEF6D200E585E5;
			remoteInfo = "hours app";
		};
/* End PBXContainerItemProxy section */

/* Begin PBXFileReference section */
		49EF0D4421CEF6D200E585E5 /* hours app.app */ = {isa = PBXFileReference; explicitFileType = wrapper.application; includeInIndex = 0; path = "hours app.app"; sourceTree = BUILT_PRODUCTS_DIR; };
		49EF0D4721CEF6D300E585E5 /* AppDelegate.swift */ = {isa = PBXFileReference; lastKnownFileType = sourcecode.swift; path = AppDelegate.swift; sourceTree = "<group>"; };
		49EF0D4921CEF6D300E585E5 /* ViewController.swift */ = {isa = PBXFileReference; lastKnownFileType = sourcecode.swift; path = ViewController.swift; sourceTree = "<group>"; };
		49EF0D4C21CEF6D300E585E5 /* Base */ = {isa = PBXFileReference; lastKnownFileType = file.storyboard; name = Base; path = Base.lproj/Main.storyboard; sourceTree = "<group>"; };
		49EF0D4E21CEF6D600E585E5 /* Assets.xcassets */ = {isa = PBXFileReference; lastKnownFileType = folder.assetcatalog; path = Assets.xcassets; sourceTree = "<group>"; };
		49EF0D5121CEF6D600E585E5 /* Base */ = {isa = PBXFileReference; lastKnownFileType = file.storyboard; name = Base; path = Base.lproj/LaunchScreen.storyboard; sourceTree = "<group>"; };
		49EF0D5321CEF6D700E585E5 /* Info.plist */ = {isa = PBXFileReference; lastKnownFileType = text.plist.xml; path = Info.plist; sourceTree = "<group>"; };
		49EF0D5821CEF6D700E585E5 /* hours appTests.xctest */ = {isa = PBXFileReference; explicitFileType = wrapper.cfbundle; includeInIndex = 0; path = "hours appTests.xctest"; sourceTree = BUILT_PRODUCTS_DIR; };
		49EF0D5C21CEF6D700E585E5 /* hours_appTests.swift */ = {isa = PBXFileReference; lastKnownFileType = sourcecode.swift; path = hours_appTests.swift; sourceTree = "<group>"; };
		49EF0D5E21CEF6D700E585E5 /* Info.plist */ = {isa = PBXFileReference; lastKnownFileType = text.plist.xml; path = Info.plist; sourceTree = "<group>"; };
/* End PBXFileReference section */

/* Begin PBXFrameworksBuildPhase section */
		49EF0D4121CEF6D200E585E5 /* Frameworks */ = {
			isa = PBXFrameworksBuildPhase;
			buildActionMask = 2147483647;
			files = (
			);
			runOnlyForDeploymentPostprocessing = 0;
		};
		49EF0D5521CEF6D700E585E5 /* Frameworks */ = {
			isa = PBXFrameworksBuildPhase;
			buildActionMask = 2147483647;
			files = (
			);
			runOnlyForDeploymentPostprocessing = 0;
		};
/* End PBXFrameworksBuildPhase section */

/* Begin PBXGroup section */
		49EF0D3B21CEF6D200E585E5 = {
			isa = PBXGroup;
			children = (
				49EF0D4621CEF6D200E585E5 /* hours app */,
				49EF0D5B21CEF6D700E585E5 /* hours appTests */,
				49EF0D4521CEF6D200E585E5 /* Products */,
			);
			sourceTree = "<group>";
		};
		49EF0D4521CEF6D200E585E5 /* Products */ = {
			isa = PBXGroup;
			children = (
				49EF0D4421CEF6D200E585E5 /* hours app.app */,
				49EF0D5821CEF6D700E585E5 /* hours appTests.xctest */,
			);
			name = Products;
			sourceTree = "<group>";
		};
		49EF0D4621CEF6D200E585E5 /* hours app */ = {
			isa = PBXGroup;
			children = (
				49EF0D4721CEF6D300E585E5 /* AppDelegate.swift */,
				49EF0D4921CEF6D300E585E5 /* ViewController.swift */,
				49EF0D4B21CEF6D300E585E5 /* Main.storyboard */,
				49EF0D4E21CEF6D600E585E5 /* Assets.xcassets */,
				49EF0D5021CEF6D600E585E5 /* LaunchScreen.storyboard */,
				49EF0D5321CEF6D700E585E5 /* Info.plist */,
			);
			path = "hours app";
			sourceTree = "<group>";
		};
		49EF0D5B21CEF6D700E585E5 /* hours appTests */ = {
			isa = PBXGroup;
			children = (
				49EF0D5C21CEF6D700E585E5 /* hours_appTests.swift */,
				49EF0D5E21CEF6D700E585E5 /* Info.plist */,
			);
			path = "hours appTests";
			sourceTree = "<group>";
		};
/* End PBXGroup section */

/* Begin PBXNativeTarget section */
		49EF0D4321CEF6D200E585E5 /* hours app */ = {
			isa = PBXNativeTarget;
			buildConfigurationList = 49EF0D6121CEF6D700E585E5 /* Build configuration list for PBXNativeTarget "hours app" */;
			buildPhases = (
				49EF0D4021CEF6D200E585E5 /* Sources */,
				49EF0D4121CEF6D200E585E5 /* Frameworks */,
				49EF0D4221CEF6D200E585E5 /* Resources */,
			);
			buildRules = (
			);
			dependencies = (
			);
			name = "hours app";
			productName = "hours app";
			productReference = 49EF0D4421CEF6D200E585E5 /* hours app.app */;
			productType = "com.apple.product-type.application";
		};
		49EF0D5721CEF6D700E585E5 /* hours appTests */ = {
			isa = PBXNativeTarget;
			buildConfigurationList = 49EF0D6421CEF6D700E585E5 /* Build configuration list for PBXNativeTarget "hours appTests" */;
			buildPhases = (
				49EF0D5421CEF6D700E585E5 /* Sources */,
				49EF0D5521CEF6D700E585E5 /* Frameworks */,
				49EF0D5621CEF6D700E585E5 /* Resources */,
			);
			buildRules = (
			);
			dependencies = (
				49EF0D5A21CEF6D700E585E5 /* PBXTargetDependency */,
			);
			name = "hours appTests";
			productName = "hours appTests";
			productReference = 49EF0D5821CEF6D700E585E5 /* hours appTests.xctest */;
			productType = "com.apple.product-type.bundle.unit-test";
		};
/* End PBXNativeTarget section */

/* Begin PBXProject section */
		49EF0D3C21CEF6D200E585E5 /* Project object */ = {
			isa = PBXProject;
			attributes = {
				LastSwiftUpdateCheck = 1010;
				LastUpgradeCheck = 1010;
				ORGANIZATIONNAME = "Zach Howes";
				TargetAttributes = {
					49EF0D4321CEF6D200E585E5 = {
						CreatedOnToolsVersion = 10.1;
					};
					49EF0D5721CEF6D700E585E5 = {
						CreatedOnToolsVersion = 10.1;
						TestTargetID = 49EF0D4321CEF6D200E585E5;
					};
				};
			};
			buildConfigurationList = 49EF0D3F21CEF6D200E585E5 /* Build configuration list for PBXProject "hours app" */;
			compatibilityVersion = "Xcode 9.3";
			developmentRegion = en;
			hasScannedForEncodings = 0;
			knownRegions = (
				en,
				Base,
			);
			mainGroup = 49EF0D3B21CEF6D200E585E5;
			productRefGroup = 49EF0D4521CEF6D200E585E5 /* Products */;
			projectDirPath = "";
			projectRoot = "";
			targets = (
				49EF0D4321CEF6D200E585E5 /* hours app */,
				49EF0D5721CEF6D700E585E5 /* hours appTests */,
			);
		};
/* End PBXProject section */

/* Begin PBXResourcesBuildPhase section */
		49EF0D4221CEF6D200E585E5 /* Resources */ = {
			isa = PBXResourcesBuildPhase;
			buildActionMask = 2147483647;
			files = (
				49EF0D5221CEF6D600E585E5 /* LaunchScreen.storyboard in Resources */,
				49EF0D4F21CEF6D600E585E5 /* Assets.xcassets in Resources */,
				49EF0D4D21CEF6D300E585E5 /* Main.storyboard in Resources */,
			);
			runOnlyForDeploymentPostprocessing = 0;
		};
		49EF0D5621CEF6D700E585E5 /* Resources */ = {
			isa = PBXResourcesBuildPhase;
			buildActionMask = 2147483647;
			files = (
			);
			runOnlyForDeploymentPostprocessing = 0;
		};
/* End PBXResourcesBuildPhase section */

/* Begin PBXSourcesBuildPhase section */
		49EF0D4021CEF6D200E585E5 /* Sources */ = {
			isa = PBXSourcesBuildPhase;
			buildActionMask = 2147483647;
			files = (
				49EF0D4A21CEF6D300E585E5 /* ViewController.swift in Sources */,
				49EF0D4821CEF6D300E585E5 /* AppDelegate.swift in Sources */,
			);
			runOnlyForDeploymentPostprocessing = 0;
		};
		49EF0D5421CEF6D700E585E5 /* Sources */ = {
			isa = PBXSourcesBuildPhase;
			buildActionMask = 2147483647;
			files = (
				49EF0D5D21CEF6D700E585E5 /* hours_appTests.swift in Sources */,
			);
			runOnlyForDeploymentPostprocessing = 0;
		};
/* End PBXSourcesBuildPhase section */

/* Begin PBXTargetDependency section */
		49EF0D5A21CEF6D700E585E5 /* PBXTargetDependency */ = {
			isa = PBXTargetDependency;
			target = 49EF0D4321CEF6D200E585E5 /* hours app */;
			targetProxy = 49EF0D5921CEF6D700E585E5 /* PBXContainerItemProxy */;
		};
/* End PBXTargetDependency section */

/* Begin PBXVariantGroup section */
		49EF0D4B21CEF6D300E585E5 /* Main.storyboard */ = {
			isa = PBXVariantGroup;
			children = (
				49EF0D4C21CEF6D300E585E5 /* Base */,
			);
			name = Main.storyboard;
			sourceTree = "<group>";
		};
		49EF0D5021CEF6D600E585E5 /* LaunchScreen.storyboard */ = {
			isa = PBXVariantGroup;
			children = (
				49EF0D5121CEF6D600E585E5 /* Base */,
			);
			name = LaunchScreen.storyboard;
			sourceTree = "<group>";
		};
/* End PBXVariantGroup section */

/* Begin XCBuildConfiguration section */
		49EF0D5F21CEF6D700E585E5 /* Debug */ = {
			isa = XCBuildConfiguration;
			buildSettings = {
				ALWAYS_SEARCH_USER_PATHS = NO;
				CLANG_ANALYZER_NONNULL = YES;
				CLANG_ANALYZER_NUMBER_OBJECT_CONVERSION = YES_AGGRESSIVE;
				CLANG_CXX_LANGUAGE_STANDARD = "gnu++14";
				CLANG_CXX_LIBRARY = "libc++";
				CLANG_ENABLE_MODULES = YES;
				CLANG_ENABLE_OBJC_ARC = YES;
				CLANG_ENABLE_OBJC_WEAK = YES;
				CLANG_WARN_BLOCK_CAPTURE_AUTORELEASING = YES;
				CLANG_WARN_BOOL_CONVERSION = YES;
				CLANG_WARN_COMMA = YES;
				CLANG_WARN_CONSTANT_CONVERSION = YES;
				CLANG_WARN_DEPRECATED_OBJC_IMPLEMENTATIONS = YES;
				CLANG_WARN_DIRECT_OBJC_ISA_USAGE = YES_ERROR;
				CLANG_WARN_DOCUMENTATION_COMMENTS = YES;
				CLANG_WARN_EMPTY_BODY = YES;
				CLANG_WARN_ENUM_CONVERSION = YES;
				CLANG_WARN_INFINITE_RECURSION = YES;
				CLANG_WARN_INT_CONVERSION = YES;
				CLANG_WARN_NON_LITERAL_NULL_CONVERSION = YES;
				CLANG_WARN_OBJC_IMPLICIT_RETAIN_SELF = YES;
				CLANG_WARN_OBJC_LITERAL_CONVERSION = YES;
				CLANG_WARN_OBJC_ROOT_CLASS = YES_ERROR;
				CLANG_WARN_RANGE_LOOP_ANALYSIS = YES;
				CLANG_WARN_STRICT_PROTOTYPES = YES;
				CLANG_WARN_SUSPICIOUS_MOVE = YES;
				CLANG_WARN_UNGUARDED_AVAILABILITY = YES_AGGRESSIVE;
				CLANG_WARN_UNREACHABLE_CODE = YES;
				CLANG_WARN__DUPLICATE_METHOD_MATCH = YES;
				CODE_SIGN_IDENTITY = "iPhone Developer";
				COPY_PHASE_STRIP = NO;
				DEBUG_INFORMATION_FORMAT = dwarf;
				ENABLE_STRICT_OBJC_MSGSEND = YES;
				ENABLE_TESTABILITY = YES;
				GCC_C_LANGUAGE_STANDARD = gnu11;
				GCC_DYNAMIC_NO_PIC = NO;
				GCC_NO_COMMON_BLOCKS = YES;
				GCC_OPTIMIZATION_LEVEL = 0;
				GCC_PREPROCESSOR_DEFINITIONS = (
					"DEBUG=1",
					"$(inherited)",
				);
				GCC_WARN_64_TO_32_BIT_CONVERSION = YES;
				GCC_WARN_ABOUT_RETURN_TYPE = YES_ERROR;
				GCC_WARN_UNDECLARED_SELECTOR = YES;
				GCC_WARN_UNINITIALIZED_AUTOS = YES_AGGRESSIVE;
				GCC_WARN_UNUSED_FUNCTION = YES;
				GCC_WARN_UNUSED_VARIABLE = YES;
				IPHONEOS_DEPLOYMENT_TARGET = 12.1;
				MTL_ENABLE_DEBUG_INFO = INCLUDE_SOURCE;
				MTL_FAST_MATH = YES;
				ONLY_ACTIVE_ARCH = YES;
				SDKROOT = iphoneos;
				SWIFT_ACTIVE_COMPILATION_CONDITIONS = DEBUG;
				SWIFT_OPTIMIZATION_LEVEL = "-Onone";
			};
			name = Debug;
		};
		49EF0D6021CEF6D700E585E5 /* Release */ = {
			isa = XCBuildConfiguration;
			buildSettings = {
				ALWAYS_SEARCH_USER_PATHS = NO;
				CLANG_ANALYZER_NONNULL = YES;
				CLANG_ANALYZER_NUMBER_OBJECT_CONVERSION = YES_AGGRESSIVE;
				CLANG_CXX_LANGUAGE_STANDARD = "gnu++14";
				CLANG_CXX_LIBRARY = "libc++";
				CLANG_ENABLE_MODULES = YES;
				CLANG_ENABLE_OBJC_ARC = YES;
				CLANG_ENABLE_OBJC_WEAK = YES;
				CLANG_WARN_BLOCK_CAPTURE_AUTORELEASING = YES;
				CLANG_WARN_BOOL_CONVERSION = YES;
				CLANG_WARN_COMMA = YES;
				CLANG_WARN_CONSTANT_CONVERSION = YES;
				CLANG_WARN_DEPRECATED_OBJC_IMPLEMENTATIONS = YES;
				CLANG_WARN_DIRECT_OBJC_ISA_USAGE = YES_ERROR;
				CLANG_WARN_DOCUMENTATION_COMMENTS = YES;
				CLANG_WARN_EMPTY_BODY = YES;
				CLANG_WARN_ENUM_CONVERSION = YES;
				CLANG_WARN_INFINITE_RECURSION = YES;
				CLANG_WARN_INT_CONVERSION = YES;
				CLANG_WARN_NON_LITERAL_NULL_CONVERSION = YES;
				CLANG_WARN_OBJC_IMPLICIT_RETAIN_SELF = YES;
				CLANG_WARN_OBJC_LITERAL_CONVERSION = YES;
				CLANG_WARN_OBJC_ROOT_CLASS = YES_ERROR;
				CLANG_WARN_RANGE_LOOP_ANALYSIS = YES;
				CLANG_WARN_STRICT_PROTOTYPES = YES;
				CLANG_WARN_SUSPICIOUS_MOVE = YES;
				CLANG_WARN_UNGUARDED_AVAILABILITY = YES_AGGRESSIVE;
				CLANG_WARN_UNREACHABLE_CODE = YES;
				CLANG_WARN__DUPLICATE_METHOD_MATCH = YES;
				CODE_SIGN_IDENTITY = "iPhone Developer";
				COPY_PHASE_STRIP = NO;
				DEBUG_INFORMATION_FORMAT = "dwarf-with-dsym";
				ENABLE_NS_ASSERTIONS = NO;
				ENABLE_STRICT_OBJC_MSGSEND = YES;
				GCC_C_LANGUAGE_STANDARD = gnu11;
				GCC_NO_COMMON_BLOCKS = YES;
				GCC_WARN_64_TO_32_BIT_CONVERSION = YES;
				GCC_WARN_ABOUT_RETURN_TYPE = YES_ERROR;
				GCC_WARN_UNDECLARED_SELECTOR = YES;
				GCC_WARN_UNINITIALIZED_AUTOS = YES_AGGRESSIVE;
				GCC_WARN_UNUSED_FUNCTION = YES;
				GCC_WARN_UNUSED_VARIABLE = YES;
				IPHONEOS_DEPLOYMENT_TARGET = 12.1;
				MTL_ENABLE_DEBUG_INFO = NO;
				MTL_FAST_MATH = YES;
				SDKROOT = iphoneos;
				SWIFT_COMPILATION_MODE = wholemodule;
				SWIFT_OPTIMIZATION_LEVEL = "-O";
				VALIDATE_PRODUCT = YES;
			};
			name = Release;
		};
		49EF0D6221CEF6D700E585E5 /* Debug */ = {
			isa = XCBuildConfiguration;
			buildSettings = {
				ASSETCATALOG_COMPILER_APPICON_NAME = AppIcon;
				CODE_SIGN_STYLE = Automatic;
				DEVELOPMENT_TEAM = 488BDNKFC9;
				INFOPLIST_FILE = "hours app/Info.plist";
				LD_RUNPATH_SEARCH_PATHS = (
					"$(inherited)",
					"@executable_path/Frameworks",
				);
				PRODUCT_BUNDLE_IDENTIFIER = "com.example.hours-app";
				PRODUCT_NAME = "$(TARGET_NAME)";
				SWIFT_VERSION = 4.2;
				TARGETED_DEVICE_FAMILY = "1,2";
			};
			name = Debug;
		};
		49EF0D6321CEF6D700E585E5 /* Release */ = {
			isa = XCBuildConfiguration;
			buildSettings = {
				ASSETCATALOG_COMPILER_APPICON_NAME = AppIcon;
				CODE_SIGN_STYLE = Automatic;
				DEVELOPMENT_TEAM = 488BDNKFC9;
				INFOPLIST_FILE = "hours app/Info.plist";
				LD_RUNPATH_SEARCH_PATHS = (
					"$(inherited)",
					"@executable_path/Frameworks",
				);
				PRODUCT_BUNDLE_IDENTIFIER = "com.example.hours-app";
				PRODUCT_NAME = "$(TARGET_NAME)";
				SWIFT_VERSION = 4.2;
				TARGETED_DEVICE_FAMILY = "1,2";
			};
			name = Release;
		};
		49EF0D6521CEF6D700E585E5 /* Debug */ = {
			isa = XCBuildConfiguration;
			buildSettings = {
				ALWAYS_EMBED_SWIFT_STANDARD_LIBRARIES = YES;
				BUNDLE_LOADER = "$(TEST_HOST)";
				CODE_SIGN_STYLE = Automatic;
				DEVELOPMENT_TEAM = 488BDNKFC9;
				INFOPLIST_FILE = "hours appTests/Info.plist";
				LD_RUNPATH_SEARCH_PATHS = (
					"$(inherited)",
					"@executable_path/Frameworks",
					"@loader_path/Frameworks",
				);
				PRODUCT_BUNDLE_IDENTIFIER = "com.example.hours-appTests";
				PRODUCT_NAME = "$(TARGET_NAME)";
				SWIFT_VERSION = 4.2;
				TARGETED_DEVICE_FAMILY = "1,2";
				TEST_HOST = "$(BUILT_PRODUCTS_DIR)/hours app.app/hours app";
			};
			name = Debug;
		};
		49EF0D6621CEF6D700E585E5 /* Release */ = {
			isa = XCBuildConfiguration;
			buildSettings = {
				ALWAYS_EMBED_SWIFT_STANDARD_LIBRARIES = YES;
				BUNDLE_LOADER = "$(TEST_HOST)";
				CODE_SIGN_STYLE = Automatic;
				DEVELOPMENT_TEAM = 488BDNKFC9;
				INFOPLIST_FILE = "hours appTests/Info.plist";
				LD_RUNPATH_SEARCH_PATHS = (
					"$(inherited)",
					"@executable_path/Frameworks",
					"@loader_path/Frameworks",
				);
				PRODUCT_BUNDLE_IDENTIFIER = "com.example.hours-appTests";
				PRODUCT_NAME = "$(TARGET_NAME)";
				SWIFT_VERSION = 4.2;
				TARGETED_DEVICE_FAMILY = "1,2";
				TEST_HOST = "$(BUILT_PRODUCTS_DIR)/hours app.app/hours app";
			};
			name = Release;
		};
/* End XCBuildConfiguration section */

/* Begin XCConfigurationList section */
		49EF0D3F21CEF6D200E585E5 /* Build configuration list for PBXProject "hours app" */ = {
			isa = XCConfigurationList;
			buildConfigurations = (
				49EF0D5F21CEF6D700E585E5 /* Debug */,
				49EF0D6021CEF6D700E585E5 /* Release */,
			);
			defaultConfigurationIsVisible = 0;
			defaultConfigurationName = Release;
		};
		49EF0D6121CEF6D700E585E5 /* Build configuration list for PBXNativeTarget "hours app" */ = {
			isa = XCConfigurationList;
			buildConfigurations = (
				49EF0D6221CEF6D700E585E5 /* Debug */,
				49EF0D6321CEF6D700E585E5 /* Release */,
			);
			defaultConfigurationIsVisible = 0;
			defaultConfigurationName = Release;
		};
		49EF0D6421CEF6D700E585E5 /* Build configuration list for PBXNativeTarget "hours appTests" */ = {
			isa = XCConfigurationList;
			buildConfigurations = (
				49EF0D6521CEF6D700E585E5 /* Debug */,
				49EF0D6621CEF6D700E585E5 /* Release */,
			);
			defaultConfigurationIsVisible = 0;
			defaultConfigurationName = Release;
		};
/* End XCConfigurationList section */
	};
	rootObject = 49EF0D3C21CEF6D200E585E5 /* Project object */;
}
